
Microsoft Visual Studio Solution File, Format Version 12.00
# Visual Studio 16
Project("{FAE04EC0-301F-11D3-BF4B-00C04F79EFBC}") = "Assembly-CSharp", "Assembly-CSharp.csproj", "{C34C6F5B-54F0-B955-25F4-E582C9141E4B}"
EndProject
Global
	GlobalSection(SolutionConfigurationPlatforms) = preSolution
		Debug|Any CPU = Debug|Any CPU
		Release|Any CPU = Release|Any CPU
	EndGlobalSection
	GlobalSection(ProjectConfigurationPlatforms) = postSolution
		{C34C6F5B-54F0-B955-25F4-E582C9141E4B}.Debug|Any CPU.ActiveCfg = Debug|Any CPU
		{C34C6F5B-54F0-B955-25F4-E582C9141E4B}.Debug|Any CPU.Build.0 = Debug|Any CPU
		{C34C6F5B-54F0-B955-25F4-E582C9141E4B}.Release|Any CPU.ActiveCfg = Release|Any CPU
		{C34C6F5B-54F0-B955-25F4-E582C9141E4B}.Release|Any CPU.Build.0 = Release|Any CPU
	EndGlobalSection
	GlobalSection(SolutionProperties) = preSolution
		HideSolutionNode = FALSE
	EndGlobalSection
EndGlobal
